
Microsoft Visual Studio Solution File, Format Version 12.00
# Visual Studio Version 16
VisualStudioVersion = 16.0.33130.400
MinimumVisualStudioVersion = 10.0.40219.1
Project("{FAE04EC0-301F-11D3-BF4B-00C04F79EFBC}") = "Mission1", "Mission1\Mission1.csproj", "{B24A2118-C6F9-4072-B234-031591E35C64}"
EndProject
Global
	GlobalSection(SolutionConfigurationPlatforms) = preSolution
		Debug|Any CPU = Debug|Any CPU
		Release|Any CPU = Release|Any CPU
	EndGlobalSection
	GlobalSection(ProjectConfigurationPlatforms) = postSolution
		{B24A2118-C6F9-4072-B234-031591E35C64}.Debug|Any CPU.ActiveCfg = Debug|Any CPU
		{B24A2118-C6F9-4072-B234-031591E35C64}.Debug|Any CPU.Build.0 = Debug|Any CPU
		{B24A2118-C6F9-4072-B234-031591E35C64}.Release|Any CPU.ActiveCfg = Release|Any CPU
		{B24A2118-C6F9-4072-B234-031591E35C64}.Release|Any CPU.Build.0 = Release|Any CPU
	EndGlobalSection
	GlobalSection(SolutionProperties) = preSolution
		HideSolutionNode = FALSE
	EndGlobalSection
	GlobalSection(ExtensibilityGlobals) = postSolution
		SolutionGuid = {77458FB9-4B9F-47BE-A480-1C89C204DCEB}
	EndGlobalSection
EndGlobal
